// !$*UTF8*$!
{
	archiveVersion = 1;
	classes = {
	};
	objectVersion = 55;
	objects = {

/* Begin PBXBuildFile section */
		A7405956289B3ED3002A6C18 /* AppDelegate.swift in Sources */ = {isa = PBXBuildFile; fileRef = A7405955289B3ED3002A6C18 /* AppDelegate.swift */; };
		A7405958289B3ED3002A6C18 /* SceneDelegate.swift in Sources */ = {isa = PBXBuildFile; fileRef = A7405957289B3ED3002A6C18 /* SceneDelegate.swift */; };
		A740595A289B3ED3002A6C18 /* ViewController.swift in Sources */ = {isa = PBXBuildFile; fileRef = A7405959289B3ED3002A6C18 /* ViewController.swift */; };
		A740595D289B3ED3002A6C18 /* Main.storyboard in Resources */ = {isa = PBXBuildFile; fileRef = A740595B289B3ED3002A6C18 /* Main.storyboard */; };
		A740595F289B3ED4002A6C18 /* Assets.xcassets in Resources */ = {isa = PBXBuildFile; fileRef = A740595E289B3ED4002A6C18 /* Assets.xcassets */; };
		A7405962289B3ED4002A6C18 /* LaunchScreen.storyboard in Resources */ = {isa = PBXBuildFile; fileRef = A7405960289B3ED4002A6C18 /* LaunchScreen.storyboard */; };
		A740596D289B3ED4002A6C18 /* Pre_workTests.swift in Sources */ = {isa = PBXBuildFile; fileRef = A740596C289B3ED4002A6C18 /* Pre_workTests.swift */; };
		A7405977289B3ED4002A6C18 /* Pre_workUITests.swift in Sources */ = {isa = PBXBuildFile; fileRef = A7405976289B3ED4002A6C18 /* Pre_workUITests.swift */; };
		A7405979289B3ED4002A6C18 /* Pre_workUITestsLaunchTests.swift in Sources */ = {isa = PBXBuildFile; fileRef = A7405978289B3ED4002A6C18 /* Pre_workUITestsLaunchTests.swift */; };
/* End PBXBuildFile section */

/* Begin PBXContainerItemProxy section */
		A7405969289B3ED4002A6C18 /* PBXContainerItemProxy */ = {
			isa = PBXContainerItemProxy;
			containerPortal = A740594A289B3ED3002A6C18 /* Project object */;
			proxyType = 1;
			remoteGlobalIDString = A7405951289B3ED3002A6C18;
			remoteInfo = "Pre-work";
		};
		A7405973289B3ED4002A6C18 /* PBXContainerItemProxy */ = {
			isa = PBXContainerItemProxy;
			containerPortal = A740594A289B3ED3002A6C18 /* Project object */;
			proxyType = 1;
			remoteGlobalIDString = A7405951289B3ED3002A6C18;
			remoteInfo = "Pre-work";
		};
/* End PBXContainerItemProxy section */

/* Begin PBXFileReference section */
		A7405952289B3ED3002A6C18 /* Pre-work.app */ = {isa = PBXFileReference; explicitFileType = wrapper.application; includeInIndex = 0; path = "Pre-work.app"; sourceTree = BUILT_PRODUCTS_DIR; };
		A7405955289B3ED3002A6C18 /* AppDelegate.swift */ = {isa = PBXFileReference; lastKnownFileType = sourcecode.swift; path = AppDelegate.swift; sourceTree = "<group>"; };
		A7405957289B3ED3002A6C18 /* SceneDelegate.swift */ = {isa = PBXFileReference; lastKnownFileType = sourcecode.swift; path = SceneDelegate.swift; sourceTree = "<group>"; };
		A7405959289B3ED3002A6C18 /* ViewController.swift */ = {isa = PBXFileReference; lastKnownFileType = sourcecode.swift; path = ViewController.swift; sourceTree = "<group>"; };
		A740595C289B3ED3002A6C18 /* Base */ = {isa = PBXFileReference; lastKnownFileType = file.storyboard; name = Base; path = Base.lproj/Main.storyboard; sourceTree = "<group>"; };
		A740595E289B3ED4002A6C18 /* Assets.xcassets */ = {isa = PBXFileReference; lastKnownFileType = folder.assetcatalog; path = Assets.xcassets; sourceTree = "<group>"; };
		A7405961289B3ED4002A6C18 /* Base */ = {isa = PBXFileReference; lastKnownFileType = file.storyboard; name = Base; path = Base.lproj/LaunchScreen.storyboard; sourceTree = "<group>"; };
		A7405963289B3ED4002A6C18 /* Info.plist */ = {isa = PBXFileReference; lastKnownFileType = text.plist.xml; path = Info.plist; sourceTree = "<group>"; };
		A7405968289B3ED4002A6C18 /* Pre-workTests.xctest */ = {isa = PBXFileReference; explicitFileType = wrapper.cfbundle; includeInIndex = 0; path = "Pre-workTests.xctest"; sourceTree = BUILT_PRODUCTS_DIR; };
		A740596C289B3ED4002A6C18 /* Pre_workTests.swift */ = {isa = PBXFileReference; lastKnownFileType = sourcecode.swift; path = Pre_workTests.swift; sourceTree = "<group>"; };
		A7405972289B3ED4002A6C18 /* Pre-workUITests.xctest */ = {isa = PBXFileReference; explicitFileType = wrapper.cfbundle; includeInIndex = 0; path = "Pre-workUITests.xctest"; sourceTree = BUILT_PRODUCTS_DIR; };
		A7405976289B3ED4002A6C18 /* Pre_workUITests.swift */ = {isa = PBXFileReference; lastKnownFileType = sourcecode.swift; path = Pre_workUITests.swift; sourceTree = "<group>"; };
		A7405978289B3ED4002A6C18 /* Pre_workUITestsLaunchTests.swift */ = {isa = PBXFileReference; lastKnownFileType = sourcecode.swift; path = Pre_workUITestsLaunchTests.swift; sourceTree = "<group>"; };
/* End PBXFileReference section */

/* Begin PBXFrameworksBuildPhase section */
		A740594F289B3ED3002A6C18 /* Frameworks */ = {
			isa = PBXFrameworksBuildPhase;
			buildActionMask = 2147483647;
			files = (
			);
			runOnlyForDeploymentPostprocessing = 0;
		};
		A7405965289B3ED4002A6C18 /* Frameworks */ = {
			isa = PBXFrameworksBuildPhase;
			buildActionMask = 2147483647;
			files = (
			);
			runOnlyForDeploymentPostprocessing = 0;
		};
		A740596F289B3ED4002A6C18 /* Frameworks */ = {
			isa = PBXFrameworksBuildPhase;
			buildActionMask = 2147483647;
			files = (
			);
			runOnlyForDeploymentPostprocessing = 0;
		};
/* End PBXFrameworksBuildPhase section */

/* Begin PBXGroup section */
		A7405949289B3ED3002A6C18 = {
			isa = PBXGroup;
			children = (
				A7405954289B3ED3002A6C18 /* Pre-work */,
				A740596B289B3ED4002A6C18 /* Pre-workTests */,
				A7405975289B3ED4002A6C18 /* Pre-workUITests */,
				A7405953289B3ED3002A6C18 /* Products */,
			);
			sourceTree = "<group>";
		};
		A7405953289B3ED3002A6C18 /* Products */ = {
			isa = PBXGroup;
			children = (
				A7405952289B3ED3002A6C18 /* Pre-work.app */,
				A7405968289B3ED4002A6C18 /* Pre-workTests.xctest */,
				A7405972289B3ED4002A6C18 /* Pre-workUITests.xctest */,
			);
			name = Products;
			sourceTree = "<group>";
		};
		A7405954289B3ED3002A6C18 /* Pre-work */ = {
			isa = PBXGroup;
			children = (
				A7405955289B3ED3002A6C18 /* AppDelegate.swift */,
				A7405957289B3ED3002A6C18 /* SceneDelegate.swift */,
				A7405959289B3ED3002A6C18 /* ViewController.swift */,
				A740595B289B3ED3002A6C18 /* Main.storyboard */,
				A740595E289B3ED4002A6C18 /* Assets.xcassets */,
				A7405960289B3ED4002A6C18 /* LaunchScreen.storyboard */,
				A7405963289B3ED4002A6C18 /* Info.plist */,
			);
			path = "Pre-work";
			sourceTree = "<group>";
		};
		A740596B289B3ED4002A6C18 /* Pre-workTests */ = {
			isa = PBXGroup;
			children = (
				A740596C289B3ED4002A6C18 /* Pre_workTests.swift */,
			);
			path = "Pre-workTests";
			sourceTree = "<group>";
		};
		A7405975289B3ED4002A6C18 /* Pre-workUITests */ = {
			isa = PBXGroup;
			children = (
				A7405976289B3ED4002A6C18 /* Pre_workUITests.swift */,
				A7405978289B3ED4002A6C18 /* Pre_workUITestsLaunchTests.swift */,
			);
			path = "Pre-workUITests";
			sourceTree = "<group>";
		};
/* End PBXGroup section */

/* Begin PBXNativeTarget section */
		A7405951289B3ED3002A6C18 /* Pre-work */ = {
			isa = PBXNativeTarget;
			buildConfigurationList = A740597C289B3ED4002A6C18 /* Build configuration list for PBXNativeTarget "Pre-work" */;
			buildPhases = (
				A740594E289B3ED3002A6C18 /* Sources */,
				A740594F289B3ED3002A6C18 /* Frameworks */,
				A7405950289B3ED3002A6C18 /* Resources */,
			);
			buildRules = (
			);
			dependencies = (
			);
			name = "Pre-work";
			productName = "Pre-work";
			productReference = A7405952289B3ED3002A6C18 /* Pre-work.app */;
			productType = "com.apple.product-type.application";
		};
		A7405967289B3ED4002A6C18 /* Pre-workTests */ = {
			isa = PBXNativeTarget;
			buildConfigurationList = A740597F289B3ED4002A6C18 /* Build configuration list for PBXNativeTarget "Pre-workTests" */;
			buildPhases = (
				A7405964289B3ED4002A6C18 /* Sources */,
				A7405965289B3ED4002A6C18 /* Frameworks */,
				A7405966289B3ED4002A6C18 /* Resources */,
			);
			buildRules = (
			);
			dependencies = (
				A740596A289B3ED4002A6C18 /* PBXTargetDependency */,
			);
			name = "Pre-workTests";
			productName = "Pre-workTests";
			productReference = A7405968289B3ED4002A6C18 /* Pre-workTests.xctest */;
			productType = "com.apple.product-type.bundle.unit-test";
		};
		A7405971289B3ED4002A6C18 /* Pre-workUITests */ = {
			isa = PBXNativeTarget;
			buildConfigurationList = A7405982289B3ED4002A6C18 /* Build configuration list for PBXNativeTarget "Pre-workUITests" */;
			buildPhases = (
				A740596E289B3ED4002A6C18 /* Sources */,
				A740596F289B3ED4002A6C18 /* Frameworks */,
				A7405970289B3ED4002A6C18 /* Resources */,
			);
			buildRules = (
			);
			dependencies = (
				A7405974289B3ED4002A6C18 /* PBXTargetDependency */,
			);
			name = "Pre-workUITests";
			productName = "Pre-workUITests";
			productReference = A7405972289B3ED4002A6C18 /* Pre-workUITests.xctest */;
			productType = "com.apple.product-type.bundle.ui-testing";
		};
/* End PBXNativeTarget section */

/* Begin PBXProject section */
		A740594A289B3ED3002A6C18 /* Project object */ = {
			isa = PBXProject;
			attributes = {
				BuildIndependentTargetsInParallel = 1;
				LastSwiftUpdateCheck = 1340;
				LastUpgradeCheck = 1340;
				TargetAttributes = {
					A7405951289B3ED3002A6C18 = {
						CreatedOnToolsVersion = 13.4.1;
					};
					A7405967289B3ED4002A6C18 = {
						CreatedOnToolsVersion = 13.4.1;
						TestTargetID = A7405951289B3ED3002A6C18;
					};
					A7405971289B3ED4002A6C18 = {
						CreatedOnToolsVersion = 13.4.1;
						TestTargetID = A7405951289B3ED3002A6C18;
					};
				};
			};
			buildConfigurationList = A740594D289B3ED3002A6C18 /* Build configuration list for PBXProject "Pre-work" */;
			compatibilityVersion = "Xcode 13.0";
			developmentRegion = en;
			hasScannedForEncodings = 0;
			knownRegions = (
				en,
				Base,
			);
			mainGroup = A7405949289B3ED3002A6C18;
			productRefGroup = A7405953289B3ED3002A6C18 /* Products */;
			projectDirPath = "";
			projectRoot = "";
			targets = (
				A7405951289B3ED3002A6C18 /* Pre-work */,
				A7405967289B3ED4002A6C18 /* Pre-workTests */,
				A7405971289B3ED4002A6C18 /* Pre-workUITests */,
			);
		};
/* End PBXProject section */

/* Begin PBXResourcesBuildPhase section */
		A7405950289B3ED3002A6C18 /* Resources */ = {
			isa = PBXResourcesBuildPhase;
			buildActionMask = 2147483647;
			files = (
				A7405962289B3ED4002A6C18 /* LaunchScreen.storyboard in Resources */,
				A740595F289B3ED4002A6C18 /* Assets.xcassets in Resources */,
				A740595D289B3ED3002A6C18 /* Main.storyboard in Resources */,
			);
			runOnlyForDeploymentPostprocessing = 0;
		};
		A7405966289B3ED4002A6C18 /* Resources */ = {
			isa = PBXResourcesBuildPhase;
			buildActionMask = 2147483647;
			files = (
			);
			runOnlyForDeploymentPostprocessing = 0;
		};
		A7405970289B3ED4002A6C18 /* Resources */ = {
			isa = PBXResourcesBuildPhase;
			buildActionMask = 2147483647;
			files = (
			);
			runOnlyForDeploymentPostprocessing = 0;
		};
/* End PBXResourcesBuildPhase section */

/* Begin PBXSourcesBuildPhase section */
		A740594E289B3ED3002A6C18 /* Sources */ = {
			isa = PBXSourcesBuildPhase;
			buildActionMask = 2147483647;
			files = (
				A740595A289B3ED3002A6C18 /* ViewController.swift in Sources */,
				A7405956289B3ED3002A6C18 /* AppDelegate.swift in Sources */,
				A7405958289B3ED3002A6C18 /* SceneDelegate.swift in Sources */,
			);
			runOnlyForDeploymentPostprocessing = 0;
		};
		A7405964289B3ED4002A6C18 /* Sources */ = {
			isa = PBXSourcesBuildPhase;
			buildActionMask = 2147483647;
			files = (
				A740596D289B3ED4002A6C18 /* Pre_workTests.swift in Sources */,
			);
			runOnlyForDeploymentPostprocessing = 0;
		};
		A740596E289B3ED4002A6C18 /* Sources */ = {
			isa = PBXSourcesBuildPhase;
			buildActionMask = 2147483647;
			files = (
				A7405979289B3ED4002A6C18 /* Pre_workUITestsLaunchTests.swift in Sources */,
				A7405977289B3ED4002A6C18 /* Pre_workUITests.swift in Sources */,
			);
			runOnlyForDeploymentPostprocessing = 0;
		};
/* End PBXSourcesBuildPhase section */

/* Begin PBXTargetDependency section */
		A740596A289B3ED4002A6C18 /* PBXTargetDependency */ = {
			isa = PBXTargetDependency;
			target = A7405951289B3ED3002A6C18 /* Pre-work */;
			targetProxy = A7405969289B3ED4002A6C18 /* PBXContainerItemProxy */;
		};
		A7405974289B3ED4002A6C18 /* PBXTargetDependency */ = {
			isa = PBXTargetDependency;
			target = A7405951289B3ED3002A6C18 /* Pre-work */;
			targetProxy = A7405973289B3ED4002A6C18 /* PBXContainerItemProxy */;
		};
/* End PBXTargetDependency section */

/* Begin PBXVariantGroup section */
		A740595B289B3ED3002A6C18 /* Main.storyboard */ = {
			isa = PBXVariantGroup;
			children = (
				A740595C289B3ED3002A6C18 /* Base */,
			);
			name = Main.storyboard;
			sourceTree = "<group>";
		};
		A7405960289B3ED4002A6C18 /* LaunchScreen.storyboard */ = {
			isa = PBXVariantGroup;
			children = (
				A7405961289B3ED4002A6C18 /* Base */,
			);
			name = LaunchScreen.storyboard;
			sourceTree = "<group>";
		};
/* End PBXVariantGroup section */

/* Begin XCBuildConfiguration section */
		A740597A289B3ED4002A6C18 /* Debug */ = {
			isa = XCBuildConfiguration;
			buildSettings = {
				ALWAYS_SEARCH_USER_PATHS = NO;
				CLANG_ANALYZER_NONNULL = YES;
				CLANG_ANALYZER_NUMBER_OBJECT_CONVERSION = YES_AGGRESSIVE;
				CLANG_CXX_LANGUAGE_STANDARD = "gnu++17";
				CLANG_ENABLE_MODULES = YES;
				CLANG_ENABLE_OBJC_ARC = YES;
				CLANG_ENABLE_OBJC_WEAK = YES;
				CLANG_WARN_BLOCK_CAPTURE_AUTORELEASING = YES;
				CLANG_WARN_BOOL_CONVERSION = YES;
				CLANG_WARN_COMMA = YES;
				CLANG_WARN_CONSTANT_CONVERSION = YES;
				CLANG_WARN_DEPRECATED_OBJC_IMPLEMENTATIONS = YES;
				CLANG_WARN_DIRECT_OBJC_ISA_USAGE = YES_ERROR;
				CLANG_WARN_DOCUMENTATION_COMMENTS = YES;
				CLANG_WARN_EMPTY_BODY = YES;
				CLANG_WARN_ENUM_CONVERSION = YES;
				CLANG_WARN_INFINITE_RECURSION = YES;
				CLANG_WARN_INT_CONVERSION = YES;
				CLANG_WARN_NON_LITERAL_NULL_CONVERSION = YES;
				CLANG_WARN_OBJC_IMPLICIT_RETAIN_SELF = YES;
				CLANG_WARN_OBJC_LITERAL_CONVERSION = YES;
				CLANG_WARN_OBJC_ROOT_CLASS = YES_ERROR;
				CLANG_WARN_QUOTED_INCLUDE_IN_FRAMEWORK_HEADER = YES;
				CLANG_WARN_RANGE_LOOP_ANALYSIS = YES;
				CLANG_WARN_STRICT_PROTOTYPES = YES;
				CLANG_WARN_SUSPICIOUS_MOVE = YES;
				CLANG_WARN_UNGUARDED_AVAILABILITY = YES_AGGRESSIVE;
				CLANG_WARN_UNREACHABLE_CODE = YES;
				CLANG_WARN__DUPLICATE_METHOD_MATCH = YES;
				COPY_PHASE_STRIP = NO;
				DEBUG_INFORMATION_FORMAT = dwarf;
				ENABLE_STRICT_OBJC_MSGSEND = YES;
				ENABLE_TESTABILITY = YES;
				GCC_C_LANGUAGE_STANDARD = gnu11;
				GCC_DYNAMIC_NO_PIC = NO;
				GCC_NO_COMMON_BLOCKS = YES;
				GCC_OPTIMIZATION_LEVEL = 0;
				GCC_PREPROCESSOR_DEFINITIONS = (
					"DEBUG=1",
					"$(inherited)",
				);
				GCC_WARN_64_TO_32_BIT_CONVERSION = YES;
				GCC_WARN_ABOUT_RETURN_TYPE = YES_ERROR;
				GCC_WARN_UNDECLARED_SELECTOR = YES;
				GCC_WARN_UNINITIALIZED_AUTOS = YES_AGGRESSIVE;
				GCC_WARN_UNUSED_FUNCTION = YES;
				GCC_WARN_UNUSED_VARIABLE = YES;
				IPHONEOS_DEPLOYMENT_TARGET = 15.5;
				MTL_ENABLE_DEBUG_INFO = INCLUDE_SOURCE;
				MTL_FAST_MATH = YES;
				ONLY_ACTIVE_ARCH = YES;
				SDKROOT = iphoneos;
				SWIFT_ACTIVE_COMPILATION_CONDITIONS = DEBUG;
				SWIFT_OPTIMIZATION_LEVEL = "-Onone";
			};
			name = Debug;
		};
		A740597B289B3ED4002A6C18 /* Release */ = {
			isa = XCBuildConfiguration;
			buildSettings = {
				ALWAYS_SEARCH_USER_PATHS = NO;
				CLANG_ANALYZER_NONNULL = YES;
				CLANG_ANALYZER_NUMBER_OBJECT_CONVERSION = YES_AGGRESSIVE;
				CLANG_CXX_LANGUAGE_STANDARD = "gnu++17";
				CLANG_ENABLE_MODULES = YES;
				CLANG_ENABLE_OBJC_ARC = YES;
				CLANG_ENABLE_OBJC_WEAK = YES;
				CLANG_WARN_BLOCK_CAPTURE_AUTORELEASING = YES;
				CLANG_WARN_BOOL_CONVERSION = YES;
				CLANG_WARN_COMMA = YES;
				CLANG_WARN_CONSTANT_CONVERSION = YES;
				CLANG_WARN_DEPRECATED_OBJC_IMPLEMENTATIONS = YES;
				CLANG_WARN_DIRECT_OBJC_ISA_USAGE = YES_ERROR;
				CLANG_WARN_DOCUMENTATION_COMMENTS = YES;
				CLANG_WARN_EMPTY_BODY = YES;
				CLANG_WARN_ENUM_CONVERSION = YES;
				CLANG_WARN_INFINITE_RECURSION = YES;
				CLANG_WARN_INT_CONVERSION = YES;
				CLANG_WARN_NON_LITERAL_NULL_CONVERSION = YES;
				CLANG_WARN_OBJC_IMPLICIT_RETAIN_SELF = YES;
				CLANG_WARN_OBJC_LITERAL_CONVERSION = YES;
				CLANG_WARN_OBJC_ROOT_CLASS = YES_ERROR;
				CLANG_WARN_QUOTED_INCLUDE_IN_FRAMEWORK_HEADER = YES;
				CLANG_WARN_RANGE_LOOP_ANALYSIS = YES;
				CLANG_WARN_STRICT_PROTOTYPES = YES;
				CLANG_WARN_SUSPICIOUS_MOVE = YES;
				CLANG_WARN_UNGUARDED_AVAILABILITY = YES_AGGRESSIVE;
				CLANG_WARN_UNREACHABLE_CODE = YES;
				CLANG_WARN__DUPLICATE_METHOD_MATCH = YES;
				COPY_PHASE_STRIP = NO;
				DEBUG_INFORMATION_FORMAT = "dwarf-with-dsym";
				ENABLE_NS_ASSERTIONS = NO;
				ENABLE_STRICT_OBJC_MSGSEND = YES;
				GCC_C_LANGUAGE_STANDARD = gnu11;
				GCC_NO_COMMON_BLOCKS = YES;
				GCC_WARN_64_TO_32_BIT_CONVERSION = YES;
				GCC_WARN_ABOUT_RETURN_TYPE = YES_ERROR;
				GCC_WARN_UNDECLARED_SELECTOR = YES;
				GCC_WARN_UNINITIALIZED_AUTOS = YES_AGGRESSIVE;
				GCC_WARN_UNUSED_FUNCTION = YES;
				GCC_WARN_UNUSED_VARIABLE = YES;
				IPHONEOS_DEPLOYMENT_TARGET = 15.5;
				MTL_ENABLE_DEBUG_INFO = NO;
				MTL_FAST_MATH = YES;
				SDKROOT = iphoneos;
				SWIFT_COMPILATION_MODE = wholemodule;
				SWIFT_OPTIMIZATION_LEVEL = "-O";
				VALIDATE_PRODUCT = YES;
			};
			name = Release;
		};
		A740597D289B3ED4002A6C18 /* Debug */ = {
			isa = XCBuildConfiguration;
			buildSettings = {
				ASSETCATALOG_COMPILER_APPICON_NAME = AppIcon;
				ASSETCATALOG_COMPILER_GLOBAL_ACCENT_COLOR_NAME = AccentColor;
				CODE_SIGN_STYLE = Automatic;
				CURRENT_PROJECT_VERSION = 1;
				GENERATE_INFOPLIST_FILE = YES;
				INFOPLIST_FILE = "Pre-work/Info.plist";
				INFOPLIST_KEY_UIApplicationSupportsIndirectInputEvents = YES;
				INFOPLIST_KEY_UILaunchStoryboardName = LaunchScreen;
				INFOPLIST_KEY_UIMainStoryboardFile = Main;
				INFOPLIST_KEY_UISupportedInterfaceOrientations_iPad = "UIInterfaceOrientationPortrait UIInterfaceOrientationPortraitUpsideDown UIInterfaceOrientationLandscapeLeft UIInterfaceOrientationLandscapeRight";
				INFOPLIST_KEY_UISupportedInterfaceOrientations_iPhone = "UIInterfaceOrientationPortrait UIInterfaceOrientationLandscapeLeft UIInterfaceOrientationLandscapeRight";
				LD_RUNPATH_SEARCH_PATHS = (
					"$(inherited)",
					"@executable_path/Frameworks",
				);
				MARKETING_VERSION = 1.0;
				PRODUCT_BUNDLE_IDENTIFIER = "memo.com.Pre-work";
				PRODUCT_NAME = "$(TARGET_NAME)";
				SWIFT_EMIT_LOC_STRINGS = YES;
				SWIFT_VERSION = 5.0;
				TARGETED_DEVICE_FAMILY = "1,2";
			};
			name = Debug;
		};
		A740597E289B3ED4002A6C18 /* Release */ = {
			isa = XCBuildConfiguration;
			buildSettings = {
				ASSETCATALOG_COMPILER_APPICON_NAME = AppIcon;
				ASSETCATALOG_COMPILER_GLOBAL_ACCENT_COLOR_NAME = AccentColor;
				CODE_SIGN_STYLE = Automatic;
				CURRENT_PROJECT_VERSION = 1;
				GENERATE_INFOPLIST_FILE = YES;
				INFOPLIST_FILE = "Pre-work/Info.plist";
				INFOPLIST_KEY_UIApplicationSupportsIndirectInputEvents = YES;
				INFOPLIST_KEY_UILaunchStoryboardName = LaunchScreen;
				INFOPLIST_KEY_UIMainStoryboardFile = Main;
				INFOPLIST_KEY_UISupportedInterfaceOrientations_iPad = "UIInterfaceOrientationPortrait UIInterfaceOrientationPortraitUpsideDown UIInterfaceOrientationLandscapeLeft UIInterfaceOrientationLandscapeRight";
				INFOPLIST_KEY_UISupportedInterfaceOrientations_iPhone = "UIInterfaceOrientationPortrait UIInterfaceOrientationLandscapeLeft UIInterfaceOrientationLandscapeRight";
				LD_RUNPATH_SEARCH_PATHS = (
					"$(inherited)",
					"@executable_path/Frameworks",
				);
				MARKETING_VERSION = 1.0;
				PRODUCT_BUNDLE_IDENTIFIER = "memo.com.Pre-work";
				PRODUCT_NAME = "$(TARGET_NAME)";
				SWIFT_EMIT_LOC_STRINGS = YES;
				SWIFT_VERSION = 5.0;
				TARGETED_DEVICE_FAMILY = "1,2";
			};
			name = Release;
		};
		A7405980289B3ED4002A6C18 /* Debug */ = {
			isa = XCBuildConfiguration;
			buildSettings = {
				ALWAYS_EMBED_SWIFT_STANDARD_LIBRARIES = YES;
				BUNDLE_LOADER = "$(TEST_HOST)";
				CODE_SIGN_STYLE = Automatic;
				CURRENT_PROJECT_VERSION = 1;
				GENERATE_INFOPLIST_FILE = YES;
				IPHONEOS_DEPLOYMENT_TARGET = 15.5;
				MARKETING_VERSION = 1.0;
				PRODUCT_BUNDLE_IDENTIFIER = "memo.com.Pre-workTests";
				PRODUCT_NAME = "$(TARGET_NAME)";
				SWIFT_EMIT_LOC_STRINGS = NO;
				SWIFT_VERSION = 5.0;
				TARGETED_DEVICE_FAMILY = "1,2";
				TEST_HOST = "$(BUILT_PRODUCTS_DIR)/Pre-work.app/Pre-work";
			};
			name = Debug;
		};
		A7405981289B3ED4002A6C18 /* Release */ = {
			isa = XCBuildConfiguration;
			buildSettings = {
				ALWAYS_EMBED_SWIFT_STANDARD_LIBRARIES = YES;
				BUNDLE_LOADER = "$(TEST_HOST)";
				CODE_SIGN_STYLE = Automatic;
				CURRENT_PROJECT_VERSION = 1;
				GENERATE_INFOPLIST_FILE = YES;
				IPHONEOS_DEPLOYMENT_TARGET = 15.5;
				MARKETING_VERSION = 1.0;
				PRODUCT_BUNDLE_IDENTIFIER = "memo.com.Pre-workTests";
				PRODUCT_NAME = "$(TARGET_NAME)";
				SWIFT_EMIT_LOC_STRINGS = NO;
				SWIFT_VERSION = 5.0;
				TARGETED_DEVICE_FAMILY = "1,2";
				TEST_HOST = "$(BUILT_PRODUCTS_DIR)/Pre-work.app/Pre-work";
			};
			name = Release;
		};
		A7405983289B3ED4002A6C18 /* Debug */ = {
			isa = XCBuildConfiguration;
			buildSettings = {
				ALWAYS_EMBED_SWIFT_STANDARD_LIBRARIES = YES;
				CODE_SIGN_STYLE = Automatic;
				CURRENT_PROJECT_VERSION = 1;
				GENERATE_INFOPLIST_FILE = YES;
				MARKETING_VERSION = 1.0;
				PRODUCT_BUNDLE_IDENTIFIER = "memo.com.Pre-workUITests";
				PRODUCT_NAME = "$(TARGET_NAME)";
				SWIFT_EMIT_LOC_STRINGS = NO;
				SWIFT_VERSION = 5.0;
				TARGETED_DEVICE_FAMILY = "1,2";
				TEST_TARGET_NAME = "Pre-work";
			};
			name = Debug;
		};
		A7405984289B3ED4002A6C18 /* Release */ = {
			isa = XCBuildConfiguration;
			buildSettings = {
				ALWAYS_EMBED_SWIFT_STANDARD_LIBRARIES = YES;
				CODE_SIGN_STYLE = Automatic;
				CURRENT_PROJECT_VERSION = 1;
				GENERATE_INFOPLIST_FILE = YES;
				MARKETING_VERSION = 1.0;
				PRODUCT_BUNDLE_IDENTIFIER = "memo.com.Pre-workUITests";
				PRODUCT_NAME = "$(TARGET_NAME)";
				SWIFT_EMIT_LOC_STRINGS = NO;
				SWIFT_VERSION = 5.0;
				TARGETED_DEVICE_FAMILY = "1,2";
				TEST_TARGET_NAME = "Pre-work";
			};
			name = Release;
		};
/* End XCBuildConfiguration section */

/* Begin XCConfigurationList section */
		A740594D289B3ED3002A6C18 /* Build configuration list for PBXProject "Pre-work" */ = {
			isa = XCConfigurationList;
			buildConfigurations = (
				A740597A289B3ED4002A6C18 /* Debug */,
				A740597B289B3ED4002A6C18 /* Release */,
			);
			defaultConfigurationIsVisible = 0;
			defaultConfigurationName = Release;
		};
		A740597C289B3ED4002A6C18 /* Build configuration list for PBXNativeTarget "Pre-work" */ = {
			isa = XCConfigurationList;
			buildConfigurations = (
				A740597D289B3ED4002A6C18 /* Debug */,
				A740597E289B3ED4002A6C18 /* Release */,
			);
			defaultConfigurationIsVisible = 0;
			defaultConfigurationName = Release;
		};
		A740597F289B3ED4002A6C18 /* Build configuration list for PBXNativeTarget "Pre-workTests" */ = {
			isa = XCConfigurationList;
			buildConfigurations = (
				A7405980289B3ED4002A6C18 /* Debug */,
				A7405981289B3ED4002A6C18 /* Release */,
			);
			defaultConfigurationIsVisible = 0;
			defaultConfigurationName = Release;
		};
		A7405982289B3ED4002A6C18 /* Build configuration list for PBXNativeTarget "Pre-workUITests" */ = {
			isa = XCConfigurationList;
			buildConfigurations = (
				A7405983289B3ED4002A6C18 /* Debug */,
				A7405984289B3ED4002A6C18 /* Release */,
			);
			defaultConfigurationIsVisible = 0;
			defaultConfigurationName = Release;
		};
/* End XCConfigurationList section */
	};
	rootObject = A740594A289B3ED3002A6C18 /* Project object */;
}
